
Microsoft Visual Studio Solution File, Format Version 9.00
# Visual Studio 2005
Project("{FAE04EC0-301F-11D3-BF4B-00C04F79EFBC}") = "Gui", "phone\Gui.csproj", "{D3EE2A06-D617-45F8-879E-8D0931BC8982}"
	ProjectSection(ProjectDependencies) = postProject
		{7C60E672-0016-457E-9D23-445F88FB1640} = {7C60E672-0016-457E-9D23-445F88FB1640}
	EndProjectSection
EndProject
Project("{FAE04EC0-301F-11D3-BF4B-00C04F79EFBC}") = "Telephony", "telephony\Telephony.csproj", "{7C60E672-0016-457E-9D23-445F88FB1640}"
EndProject
Project("{FAE04EC0-301F-11D3-BF4B-00C04F79EFBC}") = "UnitTest", "test\UnitTest.csproj", "{BA6C2384-22AE-422A-8B37-D3963F3A705B}"
EndProject
Project("{54435603-DBB4-11D2-8724-00A0C9A8B90C}") = "Setup", "Setup\Setup.vdproj", "{DC632D21-59DF-4195-9333-7445C85325F4}"
EndProject
Global
	GlobalSection(SolutionConfigurationPlatforms) = preSolution
		Debug|Any CPU = Debug|Any CPU
		Release|Any CPU = Release|Any CPU
	EndGlobalSection
	GlobalSection(ProjectConfigurationPlatforms) = postSolution
		{D3EE2A06-D617-45F8-879E-8D0931BC8982}.Debug|Any CPU.ActiveCfg = Debug|Any CPU
		{D3EE2A06-D617-45F8-879E-8D0931BC8982}.Debug|Any CPU.Build.0 = Debug|Any CPU
		{D3EE2A06-D617-45F8-879E-8D0931BC8982}.Release|Any CPU.ActiveCfg = Release|Any CPU
		{D3EE2A06-D617-45F8-879E-8D0931BC8982}.Release|Any CPU.Build.0 = Release|Any CPU
		{7C60E672-0016-457E-9D23-445F88FB1640}.Debug|Any CPU.ActiveCfg = Debug|Any CPU
		{7C60E672-0016-457E-9D23-445F88FB1640}.Debug|Any CPU.Build.0 = Debug|Any CPU
		{7C60E672-0016-457E-9D23-445F88FB1640}.Release|Any CPU.ActiveCfg = Release|Any CPU
		{7C60E672-0016-457E-9D23-445F88FB1640}.Release|Any CPU.Build.0 = Release|Any CPU
		{BA6C2384-22AE-422A-8B37-D3963F3A705B}.Debug|Any CPU.ActiveCfg = Debug|Any CPU
		{BA6C2384-22AE-422A-8B37-D3963F3A705B}.Debug|Any CPU.Build.0 = Debug|Any CPU
		{BA6C2384-22AE-422A-8B37-D3963F3A705B}.Release|Any CPU.ActiveCfg = Release|Any CPU
		{BA6C2384-22AE-422A-8B37-D3963F3A705B}.Release|Any CPU.Build.0 = Release|Any CPU
		{DC632D21-59DF-4195-9333-7445C85325F4}.Debug|Any CPU.ActiveCfg = Debug
		{DC632D21-59DF-4195-9333-7445C85325F4}.Release|Any CPU.ActiveCfg = Release
	EndGlobalSection
	GlobalSection(SolutionProperties) = preSolution
		HideSolutionNode = FALSE
	EndGlobalSection
EndGlobal
